
Microsoft Visual Studio Solution File, Format Version 12.00
# Visual Studio Version 16
VisualStudioVersion = 16.0.31129.286
MinimumVisualStudioVersion = 10.0.40219.1
Project("{FAE04EC0-301F-11D3-BF4B-00C04F79EFBC}") = "Proje.Web", "Proje.Web\Proje.Web.csproj", "{8764317D-F6B7-4E35-9564-357FE2F193D4}"
EndProject
Project("{FAE04EC0-301F-11D3-BF4B-00C04F79EFBC}") = "Proje.DataAccess", "Proje.DataAccess\Proje.DataAccess.csproj", "{2D27D353-86D2-4CC2-B0F8-11D718C0A2AE}"
EndProject
Project("{FAE04EC0-301F-11D3-BF4B-00C04F79EFBC}") = "Proje.Business", "Proje.Business\Proje.Business.csproj", "{A79CC910-EDD7-4D7A-839C-49C04B25C004}"
EndProject
Global
	GlobalSection(SolutionConfigurationPlatforms) = preSolution
		Debug|Any CPU = Debug|Any CPU
		Release|Any CPU = Release|Any CPU
	EndGlobalSection
	GlobalSection(ProjectConfigurationPlatforms) = postSolution
		{8764317D-F6B7-4E35-9564-357FE2F193D4}.Debug|Any CPU.ActiveCfg = Debug|Any CPU
		{8764317D-F6B7-4E35-9564-357FE2F193D4}.Debug|Any CPU.Build.0 = Debug|Any CPU
		{8764317D-F6B7-4E35-9564-357FE2F193D4}.Release|Any CPU.ActiveCfg = Release|Any CPU
		{8764317D-F6B7-4E35-9564-357FE2F193D4}.Release|Any CPU.Build.0 = Release|Any CPU
		{2D27D353-86D2-4CC2-B0F8-11D718C0A2AE}.Debug|Any CPU.ActiveCfg = Debug|Any CPU
		{2D27D353-86D2-4CC2-B0F8-11D718C0A2AE}.Debug|Any CPU.Build.0 = Debug|Any CPU
		{2D27D353-86D2-4CC2-B0F8-11D718C0A2AE}.Release|Any CPU.ActiveCfg = Release|Any CPU
		{2D27D353-86D2-4CC2-B0F8-11D718C0A2AE}.Release|Any CPU.Build.0 = Release|Any CPU
		{A79CC910-EDD7-4D7A-839C-49C04B25C004}.Debug|Any CPU.ActiveCfg = Debug|Any CPU
		{A79CC910-EDD7-4D7A-839C-49C04B25C004}.Debug|Any CPU.Build.0 = Debug|Any CPU
		{A79CC910-EDD7-4D7A-839C-49C04B25C004}.Release|Any CPU.ActiveCfg = Release|Any CPU
		{A79CC910-EDD7-4D7A-839C-49C04B25C004}.Release|Any CPU.Build.0 = Release|Any CPU
	EndGlobalSection
	GlobalSection(SolutionProperties) = preSolution
		HideSolutionNode = FALSE
	EndGlobalSection
	GlobalSection(ExtensibilityGlobals) = postSolution
		SolutionGuid = {A00C66DE-0064-410E-8AE3-CD4872344FC3}
	EndGlobalSection
EndGlobal
